{
    "_readme": [
        "This file locks the dependencies of your project to a known state",
        "Read more about it at https://getcomposer.org/doc/01-basic-usage.md#installing-dependencies",
        "This file is @generated automatically"
    ],
    "content-hash": "ae9b85c33818bce3a4a8a21859f1c9bd",
    "packages": [],
    "packages-dev": [
        {
            "name": "qossmic/deptrac",
            "version": "2.0.1",
            "source": {
                "type": "git",
                "url": "https://github.com/qossmic/deptrac.git",
                "reference": "f646695c1468051138e1347d89590f9084fa6256"
            },
            "dist": {
                "type": "zip",
                "url": "https://api.github.com/repos/qossmic/deptrac/zipball/f646695c1468051138e1347d89590f9084fa6256",
                "reference": "f646695c1468051138e1347d89590f9084fa6256",
                "shasum": ""
            },
            "require": {
                "ext-json": "*",
                "php": "^8.1"
            },
            "suggest": {
                "ext-dom": "For using the JUnit output formatter"
            },
            "bin": [
                "bin/deptrac",
                "deptrac.phar"
            ],
            "type": "library",
            "autoload": {
                "files": [
                    "bootstrap.php"
                ],
                "psr-4": {
                    "Qossmic\\Deptrac\\": "src/"
                }
            },
            "notification-url": "https://packagist.org/downloads/",
            "license": [
                "MIT"
            ],
            "description": "Deptrac is a static code analysis tool that helps to enforce rules for dependencies between software layers.",
            "support": {
                "issues": "https://github.com/qossmic/deptrac/issues",
                "source": "https://github.com/qossmic/deptrac/tree/2.0.1"
            },
            "time": "2024-06-17T10:43:11+00:00"
        }
    ],
    "aliases": [],
    "minimum-stability": "stable",
    "stability-flags": [],
    "prefer-stable": false,
    "prefer-lowest": false,
    "platform": [],
    "platform-dev": [],
    "plugin-api-version": "2.6.0"
}
